
Microsoft Visual Studio Solution File, Format Version 12.00
# Visual Studio Version 16
VisualStudioVersion = 16.0.34031.81
MinimumVisualStudioVersion = 10.0.40219.1
Project("{2150E333-8FDC-42A3-9474-1A3956D46DE8}") = "Task0", "Task0", "{B5ECDA0D-DFE7-48FE-A039-3ACA4C9996AC}"
EndProject
Project("{FAE04EC0-301F-11D3-BF4B-00C04F79EFBC}") = "Tyuiu.SamarAA.Sprint3.Task0.V14", "Tyuiu.SamarAA.Sprint3.Task0.V14\Tyuiu.SamarAA.Sprint3.Task0.V14.csproj", "{13667D55-E1FC-483D-BFFA-40C81917E97E}"
EndProject
Project("{FAE04EC0-301F-11D3-BF4B-00C04F79EFBC}") = "Tyuiu.SamarAA.Sprint3.Task0.V14.Lib", "Tyuiu.SamarAA.Sprint3.Task0.V14.Lib\Tyuiu.SamarAA.Sprint3.Task0.V14.Lib.csproj", "{141713FA-7EB6-4124-B8E4-F09A325A115B}"
EndProject
Project("{FAE04EC0-301F-11D3-BF4B-00C04F79EFBC}") = "Tyuiu.SamarAA.Sprint3.Task0.V14.Test", "Tyuiu.SamarAA.Sprint3.Task0.V14.Test\Tyuiu.SamarAA.Sprint3.Task0.V14.Test.csproj", "{EE761E15-F7A2-4043-B1CF-E4CD2A09AF89}"
EndProject
Project("{2150E333-8FDC-42A3-9474-1A3956D46DE8}") = "Task1", "Task1", "{D5B99F8A-B574-4E78-BADF-931BB65B17D4}"
EndProject
Project("{FAE04EC0-301F-11D3-BF4B-00C04F79EFBC}") = "Tyuiu.SamarAA.Sprint3.Task1.V6", "Tyuiu.SamarAA.Sprint3.Task1.V6\Tyuiu.SamarAA.Sprint3.Task1.V6.csproj", "{37C16F50-A08E-43BA-8C91-1B5FC80FBD15}"
EndProject
Project("{FAE04EC0-301F-11D3-BF4B-00C04F79EFBC}") = "Tyuiu.SamarAA.Sprint3.Task1.V6.Lib", "Tyuiu.SamarAA.Sprint3.Task1.V6.Lib\Tyuiu.SamarAA.Sprint3.Task1.V6.Lib.csproj", "{9066AB59-E879-4FA9-B071-CDC7CB71B34A}"
EndProject
Project("{FAE04EC0-301F-11D3-BF4B-00C04F79EFBC}") = "Tyuiu.SamarAA.Sprint3.Task1.V6.Test", "Tyuiu.SamarAA.Sprint3.Task1.V6.Test\Tyuiu.SamarAA.Sprint3.Task1.V6.Test.csproj", "{30A377EB-4560-45A1-AB92-3C2436825BDB}"
EndProject
Global
	GlobalSection(SolutionConfigurationPlatforms) = preSolution
		Debug|Any CPU = Debug|Any CPU
		Release|Any CPU = Release|Any CPU
	EndGlobalSection
	GlobalSection(ProjectConfigurationPlatforms) = postSolution
		{13667D55-E1FC-483D-BFFA-40C81917E97E}.Debug|Any CPU.ActiveCfg = Debug|Any CPU
		{13667D55-E1FC-483D-BFFA-40C81917E97E}.Debug|Any CPU.Build.0 = Debug|Any CPU
		{13667D55-E1FC-483D-BFFA-40C81917E97E}.Release|Any CPU.ActiveCfg = Release|Any CPU
		{13667D55-E1FC-483D-BFFA-40C81917E97E}.Release|Any CPU.Build.0 = Release|Any CPU
		{141713FA-7EB6-4124-B8E4-F09A325A115B}.Debug|Any CPU.ActiveCfg = Debug|Any CPU
		{141713FA-7EB6-4124-B8E4-F09A325A115B}.Debug|Any CPU.Build.0 = Debug|Any CPU
		{141713FA-7EB6-4124-B8E4-F09A325A115B}.Release|Any CPU.ActiveCfg = Release|Any CPU
		{141713FA-7EB6-4124-B8E4-F09A325A115B}.Release|Any CPU.Build.0 = Release|Any CPU
		{EE761E15-F7A2-4043-B1CF-E4CD2A09AF89}.Debug|Any CPU.ActiveCfg = Debug|Any CPU
		{EE761E15-F7A2-4043-B1CF-E4CD2A09AF89}.Debug|Any CPU.Build.0 = Debug|Any CPU
		{EE761E15-F7A2-4043-B1CF-E4CD2A09AF89}.Release|Any CPU.ActiveCfg = Release|Any CPU
		{EE761E15-F7A2-4043-B1CF-E4CD2A09AF89}.Release|Any CPU.Build.0 = Release|Any CPU
		{37C16F50-A08E-43BA-8C91-1B5FC80FBD15}.Debug|Any CPU.ActiveCfg = Debug|Any CPU
		{37C16F50-A08E-43BA-8C91-1B5FC80FBD15}.Debug|Any CPU.Build.0 = Debug|Any CPU
		{37C16F50-A08E-43BA-8C91-1B5FC80FBD15}.Release|Any CPU.ActiveCfg = Release|Any CPU
		{37C16F50-A08E-43BA-8C91-1B5FC80FBD15}.Release|Any CPU.Build.0 = Release|Any CPU
		{9066AB59-E879-4FA9-B071-CDC7CB71B34A}.Debug|Any CPU.ActiveCfg = Debug|Any CPU
		{9066AB59-E879-4FA9-B071-CDC7CB71B34A}.Debug|Any CPU.Build.0 = Debug|Any CPU
		{9066AB59-E879-4FA9-B071-CDC7CB71B34A}.Release|Any CPU.ActiveCfg = Release|Any CPU
		{9066AB59-E879-4FA9-B071-CDC7CB71B34A}.Release|Any CPU.Build.0 = Release|Any CPU
		{30A377EB-4560-45A1-AB92-3C2436825BDB}.Debug|Any CPU.ActiveCfg = Debug|Any CPU
		{30A377EB-4560-45A1-AB92-3C2436825BDB}.Debug|Any CPU.Build.0 = Debug|Any CPU
		{30A377EB-4560-45A1-AB92-3C2436825BDB}.Release|Any CPU.ActiveCfg = Release|Any CPU
		{30A377EB-4560-45A1-AB92-3C2436825BDB}.Release|Any CPU.Build.0 = Release|Any CPU
	EndGlobalSection
	GlobalSection(SolutionProperties) = preSolution
		HideSolutionNode = FALSE
	EndGlobalSection
	GlobalSection(NestedProjects) = preSolution
		{13667D55-E1FC-483D-BFFA-40C81917E97E} = {B5ECDA0D-DFE7-48FE-A039-3ACA4C9996AC}
		{141713FA-7EB6-4124-B8E4-F09A325A115B} = {B5ECDA0D-DFE7-48FE-A039-3ACA4C9996AC}
		{EE761E15-F7A2-4043-B1CF-E4CD2A09AF89} = {B5ECDA0D-DFE7-48FE-A039-3ACA4C9996AC}
		{37C16F50-A08E-43BA-8C91-1B5FC80FBD15} = {D5B99F8A-B574-4E78-BADF-931BB65B17D4}
		{9066AB59-E879-4FA9-B071-CDC7CB71B34A} = {D5B99F8A-B574-4E78-BADF-931BB65B17D4}
		{30A377EB-4560-45A1-AB92-3C2436825BDB} = {D5B99F8A-B574-4E78-BADF-931BB65B17D4}
	EndGlobalSection
	GlobalSection(ExtensibilityGlobals) = postSolution
		SolutionGuid = {1E10BBEC-CBA8-40EB-826B-7C05E0C5BD6F}
	EndGlobalSection
EndGlobal
